// !$*UTF8*$!
{
	archiveVersion = 1;
	classes = {
	};
	objectVersion = 46;
	objects = {

/* Begin PBXBuildFile section */
		95D825EA191E6B3200B1791C /* Foundation.framework in Frameworks */ = {isa = PBXBuildFile; fileRef = 95D825E9191E6B3200B1791C /* Foundation.framework */; };
		95D825EC191E6B3200B1791C /* CoreGraphics.framework in Frameworks */ = {isa = PBXBuildFile; fileRef = 95D825EB191E6B3200B1791C /* CoreGraphics.framework */; };
		95D825EE191E6B3200B1791C /* UIKit.framework in Frameworks */ = {isa = PBXBuildFile; fileRef = 95D825ED191E6B3200B1791C /* UIKit.framework */; };
		95D825F4191E6B3200B1791C /* InfoPlist.strings in Resources */ = {isa = PBXBuildFile; fileRef = 95D825F2191E6B3200B1791C /* InfoPlist.strings */; };
		95D825F6191E6B3200B1791C /* main.m in Sources */ = {isa = PBXBuildFile; fileRef = 95D825F5191E6B3200B1791C /* main.m */; };
		95D825FA191E6B3200B1791C /* AppDelegate.m in Sources */ = {isa = PBXBuildFile; fileRef = 95D825F9191E6B3200B1791C /* AppDelegate.m */; };
		95D825FD191E6B3200B1791C /* Main_iPhone.storyboard in Resources */ = {isa = PBXBuildFile; fileRef = 95D825FB191E6B3200B1791C /* Main_iPhone.storyboard */; };
		95D82600191E6B3200B1791C /* Main_iPad.storyboard in Resources */ = {isa = PBXBuildFile; fileRef = 95D825FE191E6B3200B1791C /* Main_iPad.storyboard */; };
		95D82603191E6B3200B1791C /* ViewController.m in Sources */ = {isa = PBXBuildFile; fileRef = 95D82602191E6B3200B1791C /* ViewController.m */; };
		95D82605191E6B3200B1791C /* Images.xcassets in Resources */ = {isa = PBXBuildFile; fileRef = 95D82604191E6B3200B1791C /* Images.xcassets */; };
		95D8260C191E6B3200B1791C /* XCTest.framework in Frameworks */ = {isa = PBXBuildFile; fileRef = 95D8260B191E6B3200B1791C /* XCTest.framework */; };
		95D8260D191E6B3200B1791C /* Foundation.framework in Frameworks */ = {isa = PBXBuildFile; fileRef = 95D825E9191E6B3200B1791C /* Foundation.framework */; };
		95D8260E191E6B3200B1791C /* UIKit.framework in Frameworks */ = {isa = PBXBuildFile; fileRef = 95D825ED191E6B3200B1791C /* UIKit.framework */; };
		95D82616191E6B3200B1791C /* InfoPlist.strings in Resources */ = {isa = PBXBuildFile; fileRef = 95D82614191E6B3200B1791C /* InfoPlist.strings */; };
		95D82618191E6B3200B1791C /* FresaTests.m in Sources */ = {isa = PBXBuildFile; fileRef = 95D82617191E6B3200B1791C /* FresaTests.m */; };
/* End PBXBuildFile section */

/* Begin PBXContainerItemProxy section */
		95D8260F191E6B3200B1791C /* PBXContainerItemProxy */ = {
			isa = PBXContainerItemProxy;
			containerPortal = 95D825DE191E6B3200B1791C /* Project object */;
			proxyType = 1;
			remoteGlobalIDString = 95D825E5191E6B3200B1791C;
			remoteInfo = Fresa;
		};
/* End PBXContainerItemProxy section */

/* Begin PBXFileReference section */
		95D825E6191E6B3200B1791C /* Fresa.app */ = {isa = PBXFileReference; explicitFileType = wrapper.application; includeInIndex = 0; path = Fresa.app; sourceTree = BUILT_PRODUCTS_DIR; };
		95D825E9191E6B3200B1791C /* Foundation.framework */ = {isa = PBXFileReference; lastKnownFileType = wrapper.framework; name = Foundation.framework; path = System/Library/Frameworks/Foundation.framework; sourceTree = SDKROOT; };
		95D825EB191E6B3200B1791C /* CoreGraphics.framework */ = {isa = PBXFileReference; lastKnownFileType = wrapper.framework; name = CoreGraphics.framework; path = System/Library/Frameworks/CoreGraphics.framework; sourceTree = SDKROOT; };
		95D825ED191E6B3200B1791C /* UIKit.framework */ = {isa = PBXFileReference; lastKnownFileType = wrapper.framework; name = UIKit.framework; path = System/Library/Frameworks/UIKit.framework; sourceTree = SDKROOT; };
		95D825F1191E6B3200B1791C /* Fresa-Info.plist */ = {isa = PBXFileReference; lastKnownFileType = text.plist.xml; path = "Fresa-Info.plist"; sourceTree = "<group>"; };
		95D825F3191E6B3200B1791C /* en */ = {isa = PBXFileReference; lastKnownFileType = text.plist.strings; name = en; path = en.lproj/InfoPlist.strings; sourceTree = "<group>"; };
		95D825F5191E6B3200B1791C /* main.m */ = {isa = PBXFileReference; lastKnownFileType = sourcecode.c.objc; path = main.m; sourceTree = "<group>"; };
		95D825F7191E6B3200B1791C /* Fresa-Prefix.pch */ = {isa = PBXFileReference; lastKnownFileType = sourcecode.c.h; path = "Fresa-Prefix.pch"; sourceTree = "<group>"; };
		95D825F8191E6B3200B1791C /* AppDelegate.h */ = {isa = PBXFileReference; lastKnownFileType = sourcecode.c.h; path = AppDelegate.h; sourceTree = "<group>"; };
		95D825F9191E6B3200B1791C /* AppDelegate.m */ = {isa = PBXFileReference; lastKnownFileType = sourcecode.c.objc; path = AppDelegate.m; sourceTree = "<group>"; };
		95D825FC191E6B3200B1791C /* Base */ = {isa = PBXFileReference; lastKnownFileType = file.storyboard; name = Base; path = Base.lproj/Main_iPhone.storyboard; sourceTree = "<group>"; };
		95D825FF191E6B3200B1791C /* Base */ = {isa = PBXFileReference; lastKnownFileType = file.storyboard; name = Base; path = Base.lproj/Main_iPad.storyboard; sourceTree = "<group>"; };
		95D82601191E6B3200B1791C /* ViewController.h */ = {isa = PBXFileReference; lastKnownFileType = sourcecode.c.h; path = ViewController.h; sourceTree = "<group>"; };
		95D82602191E6B3200B1791C /* ViewController.m */ = {isa = PBXFileReference; lastKnownFileType = sourcecode.c.objc; path = ViewController.m; sourceTree = "<group>"; };
		95D82604191E6B3200B1791C /* Images.xcassets */ = {isa = PBXFileReference; lastKnownFileType = folder.assetcatalog; path = Images.xcassets; sourceTree = "<group>"; };
		95D8260A191E6B3200B1791C /* FresaTests.xctest */ = {isa = PBXFileReference; explicitFileType = wrapper.cfbundle; includeInIndex = 0; path = FresaTests.xctest; sourceTree = BUILT_PRODUCTS_DIR; };
		95D8260B191E6B3200B1791C /* XCTest.framework */ = {isa = PBXFileReference; lastKnownFileType = wrapper.framework; name = XCTest.framework; path = Library/Frameworks/XCTest.framework; sourceTree = DEVELOPER_DIR; };
		95D82613191E6B3200B1791C /* FresaTests-Info.plist */ = {isa = PBXFileReference; lastKnownFileType = text.plist.xml; path = "FresaTests-Info.plist"; sourceTree = "<group>"; };
		95D82615191E6B3200B1791C /* en */ = {isa = PBXFileReference; lastKnownFileType = text.plist.strings; name = en; path = en.lproj/InfoPlist.strings; sourceTree = "<group>"; };
		95D82617191E6B3200B1791C /* FresaTests.m */ = {isa = PBXFileReference; lastKnownFileType = sourcecode.c.objc; path = FresaTests.m; sourceTree = "<group>"; };
/* End PBXFileReference section */

/* Begin PBXFrameworksBuildPhase section */
		95D825E3191E6B3200B1791C /* Frameworks */ = {
			isa = PBXFrameworksBuildPhase;
			buildActionMask = 2147483647;
			files = (
				95D825EC191E6B3200B1791C /* CoreGraphics.framework in Frameworks */,
				95D825EE191E6B3200B1791C /* UIKit.framework in Frameworks */,
				95D825EA191E6B3200B1791C /* Foundation.framework in Frameworks */,
			);
			runOnlyForDeploymentPostprocessing = 0;
		};
		95D82607191E6B3200B1791C /* Frameworks */ = {
			isa = PBXFrameworksBuildPhase;
			buildActionMask = 2147483647;
			files = (
				95D8260C191E6B3200B1791C /* XCTest.framework in Frameworks */,
				95D8260E191E6B3200B1791C /* UIKit.framework in Frameworks */,
				95D8260D191E6B3200B1791C /* Foundation.framework in Frameworks */,
			);
			runOnlyForDeploymentPostprocessing = 0;
		};
/* End PBXFrameworksBuildPhase section */

/* Begin PBXGroup section */
		95D825DD191E6B3200B1791C = {
			isa = PBXGroup;
			children = (
				95D825EF191E6B3200B1791C /* Fresa */,
				95D82611191E6B3200B1791C /* FresaTests */,
				95D825E8191E6B3200B1791C /* Frameworks */,
				95D825E7191E6B3200B1791C /* Products */,
			);
			sourceTree = "<group>";
		};
		95D825E7191E6B3200B1791C /* Products */ = {
			isa = PBXGroup;
			children = (
				95D825E6191E6B3200B1791C /* Fresa.app */,
				95D8260A191E6B3200B1791C /* FresaTests.xctest */,
			);
			name = Products;
			sourceTree = "<group>";
		};
		95D825E8191E6B3200B1791C /* Frameworks */ = {
			isa = PBXGroup;
			children = (
				95D825E9191E6B3200B1791C /* Foundation.framework */,
				95D825EB191E6B3200B1791C /* CoreGraphics.framework */,
				95D825ED191E6B3200B1791C /* UIKit.framework */,
				95D8260B191E6B3200B1791C /* XCTest.framework */,
			);
			name = Frameworks;
			sourceTree = "<group>";
		};
		95D825EF191E6B3200B1791C /* Fresa */ = {
			isa = PBXGroup;
			children = (
				95D825F8191E6B3200B1791C /* AppDelegate.h */,
				95D825F9191E6B3200B1791C /* AppDelegate.m */,
				95D825FB191E6B3200B1791C /* Main_iPhone.storyboard */,
				95D825FE191E6B3200B1791C /* Main_iPad.storyboard */,
				95D82601191E6B3200B1791C /* ViewController.h */,
				95D82602191E6B3200B1791C /* ViewController.m */,
				95D82604191E6B3200B1791C /* Images.xcassets */,
				95D825F0191E6B3200B1791C /* Supporting Files */,
			);
			path = Fresa;
			sourceTree = "<group>";
		};
		95D825F0191E6B3200B1791C /* Supporting Files */ = {
			isa = PBXGroup;
			children = (
				95D825F1191E6B3200B1791C /* Fresa-Info.plist */,
				95D825F2191E6B3200B1791C /* InfoPlist.strings */,
				95D825F5191E6B3200B1791C /* main.m */,
				95D825F7191E6B3200B1791C /* Fresa-Prefix.pch */,
			);
			name = "Supporting Files";
			sourceTree = "<group>";
		};
		95D82611191E6B3200B1791C /* FresaTests */ = {
			isa = PBXGroup;
			children = (
				95D82617191E6B3200B1791C /* FresaTests.m */,
				95D82612191E6B3200B1791C /* Supporting Files */,
			);
			path = FresaTests;
			sourceTree = "<group>";
		};
		95D82612191E6B3200B1791C /* Supporting Files */ = {
			isa = PBXGroup;
			children = (
				95D82613191E6B3200B1791C /* FresaTests-Info.plist */,
				95D82614191E6B3200B1791C /* InfoPlist.strings */,
			);
			name = "Supporting Files";
			sourceTree = "<group>";
		};
/* End PBXGroup section */

/* Begin PBXNativeTarget section */
		95D825E5191E6B3200B1791C /* Fresa */ = {
			isa = PBXNativeTarget;
			buildConfigurationList = 95D8261B191E6B3200B1791C /* Build configuration list for PBXNativeTarget "Fresa" */;
			buildPhases = (
				95D825E2191E6B3200B1791C /* Sources */,
				95D825E3191E6B3200B1791C /* Frameworks */,
				95D825E4191E6B3200B1791C /* Resources */,
			);
			buildRules = (
			);
			dependencies = (
			);
			name = Fresa;
			productName = Fresa;
			productReference = 95D825E6191E6B3200B1791C /* Fresa.app */;
			productType = "com.apple.product-type.application";
		};
		95D82609191E6B3200B1791C /* FresaTests */ = {
			isa = PBXNativeTarget;
			buildConfigurationList = 95D8261E191E6B3200B1791C /* Build configuration list for PBXNativeTarget "FresaTests" */;
			buildPhases = (
				95D82606191E6B3200B1791C /* Sources */,
				95D82607191E6B3200B1791C /* Frameworks */,
				95D82608191E6B3200B1791C /* Resources */,
			);
			buildRules = (
			);
			dependencies = (
				95D82610191E6B3200B1791C /* PBXTargetDependency */,
			);
			name = FresaTests;
			productName = FresaTests;
			productReference = 95D8260A191E6B3200B1791C /* FresaTests.xctest */;
			productType = "com.apple.product-type.bundle.unit-test";
		};
/* End PBXNativeTarget section */

/* Begin PBXProject section */
		95D825DE191E6B3200B1791C /* Project object */ = {
			isa = PBXProject;
			attributes = {
				LastUpgradeCheck = 0510;
				ORGANIZATIONNAME = Zi;
				TargetAttributes = {
					95D82609191E6B3200B1791C = {
						TestTargetID = 95D825E5191E6B3200B1791C;
					};
				};
			};
			buildConfigurationList = 95D825E1191E6B3200B1791C /* Build configuration list for PBXProject "Fresa" */;
			compatibilityVersion = "Xcode 3.2";
			developmentRegion = English;
			hasScannedForEncodings = 0;
			knownRegions = (
				en,
				Base,
			);
			mainGroup = 95D825DD191E6B3200B1791C;
			productRefGroup = 95D825E7191E6B3200B1791C /* Products */;
			projectDirPath = "";
			projectRoot = "";
			targets = (
				95D825E5191E6B3200B1791C /* Fresa */,
				95D82609191E6B3200B1791C /* FresaTests */,
			);
		};
/* End PBXProject section */

/* Begin PBXResourcesBuildPhase section */
		95D825E4191E6B3200B1791C /* Resources */ = {
			isa = PBXResourcesBuildPhase;
			buildActionMask = 2147483647;
			files = (
				95D82600191E6B3200B1791C /* Main_iPad.storyboard in Resources */,
				95D82605191E6B3200B1791C /* Images.xcassets in Resources */,
				95D825FD191E6B3200B1791C /* Main_iPhone.storyboard in Resources */,
				95D825F4191E6B3200B1791C /* InfoPlist.strings in Resources */,
			);
			runOnlyForDeploymentPostprocessing = 0;
		};
		95D82608191E6B3200B1791C /* Resources */ = {
			isa = PBXResourcesBuildPhase;
			buildActionMask = 2147483647;
			files = (
				95D82616191E6B3200B1791C /* InfoPlist.strings in Resources */,
			);
			runOnlyForDeploymentPostprocessing = 0;
		};
/* End PBXResourcesBuildPhase section */

/* Begin PBXSourcesBuildPhase section */
		95D825E2191E6B3200B1791C /* Sources */ = {
			isa = PBXSourcesBuildPhase;
			buildActionMask = 2147483647;
			files = (
				95D82603191E6B3200B1791C /* ViewController.m in Sources */,
				95D825FA191E6B3200B1791C /* AppDelegate.m in Sources */,
				95D825F6191E6B3200B1791C /* main.m in Sources */,
			);
			runOnlyForDeploymentPostprocessing = 0;
		};
		95D82606191E6B3200B1791C /* Sources */ = {
			isa = PBXSourcesBuildPhase;
			buildActionMask = 2147483647;
			files = (
				95D82618191E6B3200B1791C /* FresaTests.m in Sources */,
			);
			runOnlyForDeploymentPostprocessing = 0;
		};
/* End PBXSourcesBuildPhase section */

/* Begin PBXTargetDependency section */
		95D82610191E6B3200B1791C /* PBXTargetDependency */ = {
			isa = PBXTargetDependency;
			target = 95D825E5191E6B3200B1791C /* Fresa */;
			targetProxy = 95D8260F191E6B3200B1791C /* PBXContainerItemProxy */;
		};
/* End PBXTargetDependency section */

/* Begin PBXVariantGroup section */
		95D825F2191E6B3200B1791C /* InfoPlist.strings */ = {
			isa = PBXVariantGroup;
			children = (
				95D825F3191E6B3200B1791C /* en */,
			);
			name = InfoPlist.strings;
			sourceTree = "<group>";
		};
		95D825FB191E6B3200B1791C /* Main_iPhone.storyboard */ = {
			isa = PBXVariantGroup;
			children = (
				95D825FC191E6B3200B1791C /* Base */,
			);
			name = Main_iPhone.storyboard;
			sourceTree = "<group>";
		};
		95D825FE191E6B3200B1791C /* Main_iPad.storyboard */ = {
			isa = PBXVariantGroup;
			children = (
				95D825FF191E6B3200B1791C /* Base */,
			);
			name = Main_iPad.storyboard;
			sourceTree = "<group>";
		};
		95D82614191E6B3200B1791C /* InfoPlist.strings */ = {
			isa = PBXVariantGroup;
			children = (
				95D82615191E6B3200B1791C /* en */,
			);
			name = InfoPlist.strings;
			sourceTree = "<group>";
		};
/* End PBXVariantGroup section */

/* Begin XCBuildConfiguration section */
		95D82619191E6B3200B1791C /* Debug */ = {
			isa = XCBuildConfiguration;
			buildSettings = {
				ALWAYS_SEARCH_USER_PATHS = NO;
				CLANG_CXX_LANGUAGE_STANDARD = "gnu++0x";
				CLANG_CXX_LIBRARY = "libc++";
				CLANG_ENABLE_MODULES = YES;
				CLANG_ENABLE_OBJC_ARC = YES;
				CLANG_WARN_BOOL_CONVERSION = YES;
				CLANG_WARN_CONSTANT_CONVERSION = YES;
				CLANG_WARN_DIRECT_OBJC_ISA_USAGE = YES_ERROR;
				CLANG_WARN_EMPTY_BODY = YES;
				CLANG_WARN_ENUM_CONVERSION = YES;
				CLANG_WARN_INT_CONVERSION = YES;
				CLANG_WARN_OBJC_ROOT_CLASS = YES_ERROR;
				CLANG_WARN__DUPLICATE_METHOD_MATCH = YES;
				"CODE_SIGN_IDENTITY[sdk=iphoneos*]" = "iPhone Developer";
				COPY_PHASE_STRIP = NO;
				GCC_C_LANGUAGE_STANDARD = gnu99;
				GCC_DYNAMIC_NO_PIC = NO;
				GCC_OPTIMIZATION_LEVEL = 0;
				GCC_PREPROCESSOR_DEFINITIONS = (
					"DEBUG=1",
					"$(inherited)",
				);
				GCC_SYMBOLS_PRIVATE_EXTERN = NO;
				GCC_WARN_64_TO_32_BIT_CONVERSION = YES;
				GCC_WARN_ABOUT_RETURN_TYPE = YES_ERROR;
				GCC_WARN_UNDECLARED_SELECTOR = YES;
				GCC_WARN_UNINITIALIZED_AUTOS = YES_AGGRESSIVE;
				GCC_WARN_UNUSED_FUNCTION = YES;
				GCC_WARN_UNUSED_VARIABLE = YES;
				IPHONEOS_DEPLOYMENT_TARGET = 7.1;
				ONLY_ACTIVE_ARCH = YES;
				SDKROOT = iphoneos;
				TARGETED_DEVICE_FAMILY = "1,2";
			};
			name = Debug;
		};
		95D8261A191E6B3200B1791C /* Release */ = {
			isa = XCBuildConfiguration;
			buildSettings = {
				ALWAYS_SEARCH_USER_PATHS = NO;
				CLANG_CXX_LANGUAGE_STANDARD = "gnu++0x";
				CLANG_CXX_LIBRARY = "libc++";
				CLANG_ENABLE_MODULES = YES;
				CLANG_ENABLE_OBJC_ARC = YES;
				CLANG_WARN_BOOL_CONVERSION = YES;
				CLANG_WARN_CONSTANT_CONVERSION = YES;
				CLANG_WARN_DIRECT_OBJC_ISA_USAGE = YES_ERROR;
				CLANG_WARN_EMPTY_BODY = YES;
				CLANG_WARN_ENUM_CONVERSION = YES;
				CLANG_WARN_INT_CONVERSION = YES;
				CLANG_WARN_OBJC_ROOT_CLASS = YES_ERROR;
				CLANG_WARN__DUPLICATE_METHOD_MATCH = YES;
				"CODE_SIGN_IDENTITY[sdk=iphoneos*]" = "iPhone Developer";
				COPY_PHASE_STRIP = YES;
				ENABLE_NS_ASSERTIONS = NO;
				GCC_C_LANGUAGE_STANDARD = gnu99;
				GCC_WARN_64_TO_32_BIT_CONVERSION = YES;
				GCC_WARN_ABOUT_RETURN_TYPE = YES_ERROR;
				GCC_WARN_UNDECLARED_SELECTOR = YES;
				GCC_WARN_UNINITIALIZED_AUTOS = YES_AGGRESSIVE;
				GCC_WARN_UNUSED_FUNCTION = YES;
				GCC_WARN_UNUSED_VARIABLE = YES;
				IPHONEOS_DEPLOYMENT_TARGET = 7.1;
				SDKROOT = iphoneos;
				TARGETED_DEVICE_FAMILY = "1,2";
				VALIDATE_PRODUCT = YES;
			};
			name = Release;
		};
		95D8261C191E6B3200B1791C /* Debug */ = {
			isa = XCBuildConfiguration;
			buildSettings = {
				ASSETCATALOG_COMPILER_APPICON_NAME = AppIcon;
				ASSETCATALOG_COMPILER_LAUNCHIMAGE_NAME = LaunchImage;
				GCC_PRECOMPILE_PREFIX_HEADER = YES;
				GCC_PREFIX_HEADER = "Fresa/Fresa-Prefix.pch";
				INFOPLIST_FILE = "Fresa/Fresa-Info.plist";
				PRODUCT_NAME = "$(TARGET_NAME)";
				WRAPPER_EXTENSION = app;
			};
			name = Debug;
		};
		95D8261D191E6B3200B1791C /* Release */ = {
			isa = XCBuildConfiguration;
			buildSettings = {
				ASSETCATALOG_COMPILER_APPICON_NAME = AppIcon;
				ASSETCATALOG_COMPILER_LAUNCHIMAGE_NAME = LaunchImage;
				GCC_PRECOMPILE_PREFIX_HEADER = YES;
				GCC_PREFIX_HEADER = "Fresa/Fresa-Prefix.pch";
				INFOPLIST_FILE = "Fresa/Fresa-Info.plist";
				PRODUCT_NAME = "$(TARGET_NAME)";
				WRAPPER_EXTENSION = app;
			};
			name = Release;
		};
		95D8261F191E6B3200B1791C /* Debug */ = {
			isa = XCBuildConfiguration;
			buildSettings = {
				BUNDLE_LOADER = "$(BUILT_PRODUCTS_DIR)/Fresa.app/Fresa";
				FRAMEWORK_SEARCH_PATHS = (
					"$(SDKROOT)/Developer/Library/Frameworks",
					"$(inherited)",
					"$(DEVELOPER_FRAMEWORKS_DIR)",
				);
				GCC_PRECOMPILE_PREFIX_HEADER = YES;
				GCC_PREFIX_HEADER = "Fresa/Fresa-Prefix.pch";
				GCC_PREPROCESSOR_DEFINITIONS = (
					"DEBUG=1",
					"$(inherited)",
				);
				INFOPLIST_FILE = "FresaTests/FresaTests-Info.plist";
				PRODUCT_NAME = "$(TARGET_NAME)";
				TEST_HOST = "$(BUNDLE_LOADER)";
				WRAPPER_EXTENSION = xctest;
			};
			name = Debug;
		};
		95D82620191E6B3200B1791C /* Release */ = {
			isa = XCBuildConfiguration;
			buildSettings = {
				BUNDLE_LOADER = "$(BUILT_PRODUCTS_DIR)/Fresa.app/Fresa";
				FRAMEWORK_SEARCH_PATHS = (
					"$(SDKROOT)/Developer/Library/Frameworks",
					"$(inherited)",
					"$(DEVELOPER_FRAMEWORKS_DIR)",
				);
				GCC_PRECOMPILE_PREFIX_HEADER = YES;
				GCC_PREFIX_HEADER = "Fresa/Fresa-Prefix.pch";
				INFOPLIST_FILE = "FresaTests/FresaTests-Info.plist";
				PRODUCT_NAME = "$(TARGET_NAME)";
				TEST_HOST = "$(BUNDLE_LOADER)";
				WRAPPER_EXTENSION = xctest;
			};
			name = Release;
		};
/* End XCBuildConfiguration section */

/* Begin XCConfigurationList section */
		95D825E1191E6B3200B1791C /* Build configuration list for PBXProject "Fresa" */ = {
			isa = XCConfigurationList;
			buildConfigurations = (
				95D82619191E6B3200B1791C /* Debug */,
				95D8261A191E6B3200B1791C /* Release */,
			);
			defaultConfigurationIsVisible = 0;
			defaultConfigurationName = Release;
		};
		95D8261B191E6B3200B1791C /* Build configuration list for PBXNativeTarget "Fresa" */ = {
			isa = XCConfigurationList;
			buildConfigurations = (
				95D8261C191E6B3200B1791C /* Debug */,
				95D8261D191E6B3200B1791C /* Release */,
			);
			defaultConfigurationIsVisible = 0;
		};
		95D8261E191E6B3200B1791C /* Build configuration list for PBXNativeTarget "FresaTests" */ = {
			isa = XCConfigurationList;
			buildConfigurations = (
				95D8261F191E6B3200B1791C /* Debug */,
				95D82620191E6B3200B1791C /* Release */,
			);
			defaultConfigurationIsVisible = 0;
		};
/* End XCConfigurationList section */
	};
	rootObject = 95D825DE191E6B3200B1791C /* Project object */;
}
